
Microsoft Visual Studio Solution File, Format Version 12.00
# Visual Studio Version 16
VisualStudioVersion = 16.0.28803.352
MinimumVisualStudioVersion = 10.0.40219.1
Project("{FAE04EC0-301F-11D3-BF4B-00C04F79EFBC}") = "Data", "Data\Data.csproj", "{3C3633E8-C6AB-49F4-B086-73C67E2166F1}"
EndProject
Project("{FAE04EC0-301F-11D3-BF4B-00C04F79EFBC}") = "Core", "Core\Core.csproj", "{05E9C958-8580-4F2D-B43C-28DA1F6B2003}"
EndProject
Project("{FAE04EC0-301F-11D3-BF4B-00C04F79EFBC}") = "Utils", "Utils\Utils.csproj", "{B80464A2-9875-4821-B21A-6C62C8362B08}"
EndProject
Project("{FAE04EC0-301F-11D3-BF4B-00C04F79EFBC}") = "Arquitetura", "Arquitetura\Arquitetura.csproj", "{CDB14B8F-FD01-4F73-9848-F739C6334585}"
EndProject
Project("{FAE04EC0-301F-11D3-BF4B-00C04F79EFBC}") = "Web", "Web\Web.csproj", "{A5859E0E-3C08-4045-B8DC-B3FB13655B00}"
EndProject
Global
	GlobalSection(SolutionConfigurationPlatforms) = preSolution
		Debug|Any CPU = Debug|Any CPU
		Release|Any CPU = Release|Any CPU
	EndGlobalSection
	GlobalSection(ProjectConfigurationPlatforms) = postSolution
		{3C3633E8-C6AB-49F4-B086-73C67E2166F1}.Debug|Any CPU.ActiveCfg = Debug|Any CPU
		{3C3633E8-C6AB-49F4-B086-73C67E2166F1}.Debug|Any CPU.Build.0 = Debug|Any CPU
		{3C3633E8-C6AB-49F4-B086-73C67E2166F1}.Release|Any CPU.ActiveCfg = Release|Any CPU
		{3C3633E8-C6AB-49F4-B086-73C67E2166F1}.Release|Any CPU.Build.0 = Release|Any CPU
		{05E9C958-8580-4F2D-B43C-28DA1F6B2003}.Debug|Any CPU.ActiveCfg = Debug|Any CPU
		{05E9C958-8580-4F2D-B43C-28DA1F6B2003}.Debug|Any CPU.Build.0 = Debug|Any CPU
		{05E9C958-8580-4F2D-B43C-28DA1F6B2003}.Release|Any CPU.ActiveCfg = Release|Any CPU
		{05E9C958-8580-4F2D-B43C-28DA1F6B2003}.Release|Any CPU.Build.0 = Release|Any CPU
		{B80464A2-9875-4821-B21A-6C62C8362B08}.Debug|Any CPU.ActiveCfg = Debug|Any CPU
		{B80464A2-9875-4821-B21A-6C62C8362B08}.Debug|Any CPU.Build.0 = Debug|Any CPU
		{B80464A2-9875-4821-B21A-6C62C8362B08}.Release|Any CPU.ActiveCfg = Release|Any CPU
		{B80464A2-9875-4821-B21A-6C62C8362B08}.Release|Any CPU.Build.0 = Release|Any CPU
		{CDB14B8F-FD01-4F73-9848-F739C6334585}.Debug|Any CPU.ActiveCfg = Debug|Any CPU
		{CDB14B8F-FD01-4F73-9848-F739C6334585}.Debug|Any CPU.Build.0 = Debug|Any CPU
		{CDB14B8F-FD01-4F73-9848-F739C6334585}.Release|Any CPU.ActiveCfg = Release|Any CPU
		{CDB14B8F-FD01-4F73-9848-F739C6334585}.Release|Any CPU.Build.0 = Release|Any CPU
		{A5859E0E-3C08-4045-B8DC-B3FB13655B00}.Debug|Any CPU.ActiveCfg = Debug|Any CPU
		{A5859E0E-3C08-4045-B8DC-B3FB13655B00}.Debug|Any CPU.Build.0 = Debug|Any CPU
		{A5859E0E-3C08-4045-B8DC-B3FB13655B00}.Release|Any CPU.ActiveCfg = Release|Any CPU
		{A5859E0E-3C08-4045-B8DC-B3FB13655B00}.Release|Any CPU.Build.0 = Release|Any CPU
	EndGlobalSection
	GlobalSection(SolutionProperties) = preSolution
		HideSolutionNode = FALSE
	EndGlobalSection
	GlobalSection(ExtensibilityGlobals) = postSolution
		SolutionGuid = {E57240FC-E2F9-4048-A69E-CCEAB5C4AEE8}
	EndGlobalSection
EndGlobal
